
Microsoft Visual Studio Solution File, Format Version 12.00
# Visual Studio Version 16
VisualStudioVersion = 16.0.30225.117
MinimumVisualStudioVersion = 10.0.40219.1
Project("{8BC9CEB8-8B4A-11D0-8D11-00A0C91BC942}") = "Generic_character_name", "Generic_character_name.vcxproj", "{7645CB70-E776-42D6-9DBE-328C9B9E332E}"
EndProject
Global
	GlobalSection(SolutionConfigurationPlatforms) = preSolution
		Debug|x64 = Debug|x64
		Debug|x86 = Debug|x86
		Release|x64 = Release|x64
		Release|x86 = Release|x86
	EndGlobalSection
	GlobalSection(ProjectConfigurationPlatforms) = postSolution
		{7645CB70-E776-42D6-9DBE-328C9B9E332E}.Debug|x64.ActiveCfg = Debug|x64
		{7645CB70-E776-42D6-9DBE-328C9B9E332E}.Debug|x64.Build.0 = Debug|x64
		{7645CB70-E776-42D6-9DBE-328C9B9E332E}.Debug|x86.ActiveCfg = Debug|Win32
		{7645CB70-E776-42D6-9DBE-328C9B9E332E}.Debug|x86.Build.0 = Debug|Win32
		{7645CB70-E776-42D6-9DBE-328C9B9E332E}.Release|x64.ActiveCfg = Release|x64
		{7645CB70-E776-42D6-9DBE-328C9B9E332E}.Release|x64.Build.0 = Release|x64
		{7645CB70-E776-42D6-9DBE-328C9B9E332E}.Release|x86.ActiveCfg = Release|Win32
		{7645CB70-E776-42D6-9DBE-328C9B9E332E}.Release|x86.Build.0 = Release|Win32
	EndGlobalSection
	GlobalSection(SolutionProperties) = preSolution
		HideSolutionNode = FALSE
	EndGlobalSection
	GlobalSection(ExtensibilityGlobals) = postSolution
		SolutionGuid = {EE0EE147-598E-41A0-B7C0-3646AB3D7C30}
	EndGlobalSection
EndGlobal
